<?xml version="1.0" encoding="utf-8"?>
<Project ToolsVersion="4.0" xmlns="http://schemas.microsoft.com/developer/msbuild/2003">
  <ItemGroup>
    <ClCompile Include="..\..\..\zs.cpp" />
  </ItemGroup>
  <ItemGroup>
    <ClInclude Include="..\..\..\zs.h" />
    <ClInclude Include="..\..\..\move_shared_ptr.h" />
    <ClInclude Include="..\..\..\log.h" />
    <ClInclude Include="..\..\..\enum.h" />
  </ItemGroup>
</Project>