<?xml version="1.0" encoding="utf-8"?>
<Project ToolsVersion="4.0" xmlns="http://schemas.microsoft.com/developer/msbuild/2003">
  <ItemGroup>
    <ClCompile Include="..\..\..\test\main.cpp" />
    <ClCompile Include="..\..\..\test\zs_test_common.cpp" />
    <ClCompile Include="..\..\..\test\zs_test_move_shared_ptr.cpp" />
    <ClCompile Include="..\..\..\test\zs_test_enum.cpp" />
    <ClCompile Include="..\..\..\test\zs_test_log.cpp" />
    <ClCompile Include="..\..\..\test\zs_test_traits.cpp" />
    <ClCompile Include="..\..\..\test\zs_test_reflect.cpp" />
    <ClCompile Include="..\..\..\test\zs_test_tuple_reflect.cpp" />
    <ClCompile Include="..\..\..\test\zs_test_auto_scope.cpp" />
    <ClCompile Include="..\..\..\test\zs_test_RandomAccessListIterator.cpp" />
  </ItemGroup>
  <ItemGroup>
    <ClInclude Include="..\..\..\test\common.h" />
  </ItemGroup>
</Project>